// !$*UTF8*$!
{
	archiveVersion = 1;
	classes = {
	};
	objectVersion = 55;
	objects = {

/* Begin PBXBuildFile section */
		0A4F019A86A202904B06AE5E /* Pods_RealmSampleApp.framework in Frameworks */ = {isa = PBXBuildFile; fileRef = 94B03663D8F2D6776DBE3304 /* Pods_RealmSampleApp.framework */; };
		FD06F994287D036E005DEF97 /* Medicine.swift in Sources */ = {isa = PBXBuildFile; fileRef = FD06F993287D036E005DEF97 /* Medicine.swift */; };
		FD06F996287D037D005DEF97 /* MedicineHistory.swift in Sources */ = {isa = PBXBuildFile; fileRef = FD06F995287D037D005DEF97 /* MedicineHistory.swift */; };
		FD06F998287D03A4005DEF97 /* MedicineSet.swift in Sources */ = {isa = PBXBuildFile; fileRef = FD06F997287D03A4005DEF97 /* MedicineSet.swift */; };
		FD25B80C288040A800C61267 /* ViewController.swift in Sources */ = {isa = PBXBuildFile; fileRef = FD25B80A288040A800C61267 /* ViewController.swift */; };
		FD917526287C259D00F2843C /* AppDelegate.swift in Sources */ = {isa = PBXBuildFile; fileRef = FD917525287C259D00F2843C /* AppDelegate.swift */; };
		FD917528287C259D00F2843C /* SceneDelegate.swift in Sources */ = {isa = PBXBuildFile; fileRef = FD917527287C259D00F2843C /* SceneDelegate.swift */; };
		FD91752D287C259D00F2843C /* Main.storyboard in Resources */ = {isa = PBXBuildFile; fileRef = FD91752B287C259D00F2843C /* Main.storyboard */; };
		FD91752F287C259E00F2843C /* Assets.xcassets in Resources */ = {isa = PBXBuildFile; fileRef = FD91752E287C259E00F2843C /* Assets.xcassets */; };
		FD917532287C259E00F2843C /* LaunchScreen.storyboard in Resources */ = {isa = PBXBuildFile; fileRef = FD917530287C259E00F2843C /* LaunchScreen.storyboard */; };
/* End PBXBuildFile section */

/* Begin PBXFileReference section */
		1AB46C3801CD5FEC5F7C9E88 /* Pods-RealmSampleApp.release.xcconfig */ = {isa = PBXFileReference; includeInIndex = 1; lastKnownFileType = text.xcconfig; name = "Pods-RealmSampleApp.release.xcconfig"; path = "Target Support Files/Pods-RealmSampleApp/Pods-RealmSampleApp.release.xcconfig"; sourceTree = "<group>"; };
		2BF8D0E3401866AC53EBB442 /* Pods-RealmSampleApp.debug.xcconfig */ = {isa = PBXFileReference; includeInIndex = 1; lastKnownFileType = text.xcconfig; name = "Pods-RealmSampleApp.debug.xcconfig"; path = "Target Support Files/Pods-RealmSampleApp/Pods-RealmSampleApp.debug.xcconfig"; sourceTree = "<group>"; };
		94B03663D8F2D6776DBE3304 /* Pods_RealmSampleApp.framework */ = {isa = PBXFileReference; explicitFileType = wrapper.framework; includeInIndex = 0; path = Pods_RealmSampleApp.framework; sourceTree = BUILT_PRODUCTS_DIR; };
		FD06F993287D036E005DEF97 /* Medicine.swift */ = {isa = PBXFileReference; lastKnownFileType = sourcecode.swift; path = Medicine.swift; sourceTree = "<group>"; };
		FD06F995287D037D005DEF97 /* MedicineHistory.swift */ = {isa = PBXFileReference; lastKnownFileType = sourcecode.swift; path = MedicineHistory.swift; sourceTree = "<group>"; };
		FD06F997287D03A4005DEF97 /* MedicineSet.swift */ = {isa = PBXFileReference; lastKnownFileType = sourcecode.swift; path = MedicineSet.swift; sourceTree = "<group>"; };
		FD25B80A288040A800C61267 /* ViewController.swift */ = {isa = PBXFileReference; lastKnownFileType = sourcecode.swift; path = ViewController.swift; sourceTree = "<group>"; };
		FD917522287C259D00F2843C /* RealmSampleApp.app */ = {isa = PBXFileReference; explicitFileType = wrapper.application; includeInIndex = 0; path = RealmSampleApp.app; sourceTree = BUILT_PRODUCTS_DIR; };
		FD917525287C259D00F2843C /* AppDelegate.swift */ = {isa = PBXFileReference; lastKnownFileType = sourcecode.swift; path = AppDelegate.swift; sourceTree = "<group>"; };
		FD917527287C259D00F2843C /* SceneDelegate.swift */ = {isa = PBXFileReference; lastKnownFileType = sourcecode.swift; path = SceneDelegate.swift; sourceTree = "<group>"; };
		FD91752C287C259D00F2843C /* Base */ = {isa = PBXFileReference; lastKnownFileType = file.storyboard; name = Base; path = Base.lproj/Main.storyboard; sourceTree = "<group>"; };
		FD91752E287C259E00F2843C /* Assets.xcassets */ = {isa = PBXFileReference; lastKnownFileType = folder.assetcatalog; path = Assets.xcassets; sourceTree = "<group>"; };
		FD917531287C259E00F2843C /* Base */ = {isa = PBXFileReference; lastKnownFileType = file.storyboard; name = Base; path = Base.lproj/LaunchScreen.storyboard; sourceTree = "<group>"; };
		FD917533287C259E00F2843C /* Info.plist */ = {isa = PBXFileReference; lastKnownFileType = text.plist.xml; path = Info.plist; sourceTree = "<group>"; };
/* End PBXFileReference section */

/* Begin PBXFrameworksBuildPhase section */
		FD91751F287C259D00F2843C /* Frameworks */ = {
			isa = PBXFrameworksBuildPhase;
			buildActionMask = 2147483647;
			files = (
				0A4F019A86A202904B06AE5E /* Pods_RealmSampleApp.framework in Frameworks */,
			);
			runOnlyForDeploymentPostprocessing = 0;
		};
/* End PBXFrameworksBuildPhase section */

/* Begin PBXGroup section */
		4C54D8F0B56B25CE7A366523 /* Pods */ = {
			isa = PBXGroup;
			children = (
				2BF8D0E3401866AC53EBB442 /* Pods-RealmSampleApp.debug.xcconfig */,
				1AB46C3801CD5FEC5F7C9E88 /* Pods-RealmSampleApp.release.xcconfig */,
			);
			path = Pods;
			sourceTree = "<group>";
		};
		7E7D6C8210E60F8539E9B1B5 /* Frameworks */ = {
			isa = PBXGroup;
			children = (
				94B03663D8F2D6776DBE3304 /* Pods_RealmSampleApp.framework */,
			);
			name = Frameworks;
			sourceTree = "<group>";
		};
		FD917519287C259D00F2843C = {
			isa = PBXGroup;
			children = (
				FD917524287C259D00F2843C /* RealmSampleApp */,
				FD917523287C259D00F2843C /* Products */,
				4C54D8F0B56B25CE7A366523 /* Pods */,
				7E7D6C8210E60F8539E9B1B5 /* Frameworks */,
			);
			sourceTree = "<group>";
		};
		FD917523287C259D00F2843C /* Products */ = {
			isa = PBXGroup;
			children = (
				FD917522287C259D00F2843C /* RealmSampleApp.app */,
			);
			name = Products;
			sourceTree = "<group>";
		};
		FD917524287C259D00F2843C /* RealmSampleApp */ = {
			isa = PBXGroup;
			children = (
				FD917525287C259D00F2843C /* AppDelegate.swift */,
				FD917527287C259D00F2843C /* SceneDelegate.swift */,
				FD91752B287C259D00F2843C /* Main.storyboard */,
				FD91752E287C259E00F2843C /* Assets.xcassets */,
				FD917530287C259E00F2843C /* LaunchScreen.storyboard */,
				FD917533287C259E00F2843C /* Info.plist */,
				FD06F993287D036E005DEF97 /* Medicine.swift */,
				FD06F995287D037D005DEF97 /* MedicineHistory.swift */,
				FD06F997287D03A4005DEF97 /* MedicineSet.swift */,
				FD25B80A288040A800C61267 /* ViewController.swift */,
			);
			path = RealmSampleApp;
			sourceTree = "<group>";
		};
/* End PBXGroup section */

/* Begin PBXNativeTarget section */
		FD917521287C259D00F2843C /* RealmSampleApp */ = {
			isa = PBXNativeTarget;
			buildConfigurationList = FD917536287C259E00F2843C /* Build configuration list for PBXNativeTarget "RealmSampleApp" */;
			buildPhases = (
				1E8EF47EB1C3726DC8356CB0 /* [CP] Check Pods Manifest.lock */,
				FD91751E287C259D00F2843C /* Sources */,
				FD91751F287C259D00F2843C /* Frameworks */,
				FD917520287C259D00F2843C /* Resources */,
				63E838B3F055725A8ACB7C5A /* [CP] Embed Pods Frameworks */,
			);
			buildRules = (
			);
			dependencies = (
			);
			name = RealmSampleApp;
			productName = RealmSampleApp;
			productReference = FD917522287C259D00F2843C /* RealmSampleApp.app */;
			productType = "com.apple.product-type.application";
		};
/* End PBXNativeTarget section */

/* Begin PBXProject section */
		FD91751A287C259D00F2843C /* Project object */ = {
			isa = PBXProject;
			attributes = {
				BuildIndependentTargetsInParallel = 1;
				LastSwiftUpdateCheck = 1330;
				LastUpgradeCheck = 1330;
				TargetAttributes = {
					FD917521287C259D00F2843C = {
						CreatedOnToolsVersion = 13.3.1;
					};
				};
			};
			buildConfigurationList = FD91751D287C259D00F2843C /* Build configuration list for PBXProject "RealmSampleApp" */;
			compatibilityVersion = "Xcode 13.0";
			developmentRegion = en;
			hasScannedForEncodings = 0;
			knownRegions = (
				en,
				Base,
			);
			mainGroup = FD917519287C259D00F2843C;
			productRefGroup = FD917523287C259D00F2843C /* Products */;
			projectDirPath = "";
			projectRoot = "";
			targets = (
				FD917521287C259D00F2843C /* RealmSampleApp */,
			);
		};
/* End PBXProject section */

/* Begin PBXResourcesBuildPhase section */
		FD917520287C259D00F2843C /* Resources */ = {
			isa = PBXResourcesBuildPhase;
			buildActionMask = 2147483647;
			files = (
				FD917532287C259E00F2843C /* LaunchScreen.storyboard in Resources */,
				FD91752F287C259E00F2843C /* Assets.xcassets in Resources */,
				FD91752D287C259D00F2843C /* Main.storyboard in Resources */,
			);
			runOnlyForDeploymentPostprocessing = 0;
		};
/* End PBXResourcesBuildPhase section */

/* Begin PBXShellScriptBuildPhase section */
		1E8EF47EB1C3726DC8356CB0 /* [CP] Check Pods Manifest.lock */ = {
			isa = PBXShellScriptBuildPhase;
			buildActionMask = 2147483647;
			files = (
			);
			inputFileListPaths = (
			);
			inputPaths = (
				"${PODS_PODFILE_DIR_PATH}/Podfile.lock",
				"${PODS_ROOT}/Manifest.lock",
			);
			name = "[CP] Check Pods Manifest.lock";
			outputFileListPaths = (
			);
			outputPaths = (
				"$(DERIVED_FILE_DIR)/Pods-RealmSampleApp-checkManifestLockResult.txt",
			);
			runOnlyForDeploymentPostprocessing = 0;
			shellPath = /bin/sh;
			shellScript = "diff \"${PODS_PODFILE_DIR_PATH}/Podfile.lock\" \"${PODS_ROOT}/Manifest.lock\" > /dev/null\nif [ $? != 0 ] ; then\n    # print error to STDERR\n    echo \"error: The sandbox is not in sync with the Podfile.lock. Run 'pod install' or update your CocoaPods installation.\" >&2\n    exit 1\nfi\n# This output is used by Xcode 'outputs' to avoid re-running this script phase.\necho \"SUCCESS\" > \"${SCRIPT_OUTPUT_FILE_0}\"\n";
			showEnvVarsInLog = 0;
		};
		63E838B3F055725A8ACB7C5A /* [CP] Embed Pods Frameworks */ = {
			isa = PBXShellScriptBuildPhase;
			buildActionMask = 2147483647;
			files = (
			);
			inputFileListPaths = (
				"${PODS_ROOT}/Target Support Files/Pods-RealmSampleApp/Pods-RealmSampleApp-frameworks-${CONFIGURATION}-input-files.xcfilelist",
			);
			name = "[CP] Embed Pods Frameworks";
			outputFileListPaths = (
				"${PODS_ROOT}/Target Support Files/Pods-RealmSampleApp/Pods-RealmSampleApp-frameworks-${CONFIGURATION}-output-files.xcfilelist",
			);
			runOnlyForDeploymentPostprocessing = 0;
			shellPath = /bin/sh;
			shellScript = "\"${PODS_ROOT}/Target Support Files/Pods-RealmSampleApp/Pods-RealmSampleApp-frameworks.sh\"\n";
			showEnvVarsInLog = 0;
		};
/* End PBXShellScriptBuildPhase section */

/* Begin PBXSourcesBuildPhase section */
		FD91751E287C259D00F2843C /* Sources */ = {
			isa = PBXSourcesBuildPhase;
			buildActionMask = 2147483647;
			files = (
				FD25B80C288040A800C61267 /* ViewController.swift in Sources */,
				FD06F998287D03A4005DEF97 /* MedicineSet.swift in Sources */,
				FD917526287C259D00F2843C /* AppDelegate.swift in Sources */,
				FD06F996287D037D005DEF97 /* MedicineHistory.swift in Sources */,
				FD917528287C259D00F2843C /* SceneDelegate.swift in Sources */,
				FD06F994287D036E005DEF97 /* Medicine.swift in Sources */,
			);
			runOnlyForDeploymentPostprocessing = 0;
		};
/* End PBXSourcesBuildPhase section */

/* Begin PBXVariantGroup section */
		FD91752B287C259D00F2843C /* Main.storyboard */ = {
			isa = PBXVariantGroup;
			children = (
				FD91752C287C259D00F2843C /* Base */,
			);
			name = Main.storyboard;
			sourceTree = "<group>";
		};
		FD917530287C259E00F2843C /* LaunchScreen.storyboard */ = {
			isa = PBXVariantGroup;
			children = (
				FD917531287C259E00F2843C /* Base */,
			);
			name = LaunchScreen.storyboard;
			sourceTree = "<group>";
		};
/* End PBXVariantGroup section */

/* Begin XCBuildConfiguration section */
		FD917534287C259E00F2843C /* Debug */ = {
			isa = XCBuildConfiguration;
			buildSettings = {
				ALWAYS_SEARCH_USER_PATHS = NO;
				CLANG_ANALYZER_NONNULL = YES;
				CLANG_ANALYZER_NUMBER_OBJECT_CONVERSION = YES_AGGRESSIVE;
				CLANG_CXX_LANGUAGE_STANDARD = "gnu++17";
				CLANG_ENABLE_MODULES = YES;
				CLANG_ENABLE_OBJC_ARC = YES;
				CLANG_ENABLE_OBJC_WEAK = YES;
				CLANG_WARN_BLOCK_CAPTURE_AUTORELEASING = YES;
				CLANG_WARN_BOOL_CONVERSION = YES;
				CLANG_WARN_COMMA = YES;
				CLANG_WARN_CONSTANT_CONVERSION = YES;
				CLANG_WARN_DEPRECATED_OBJC_IMPLEMENTATIONS = YES;
				CLANG_WARN_DIRECT_OBJC_ISA_USAGE = YES_ERROR;
				CLANG_WARN_DOCUMENTATION_COMMENTS = YES;
				CLANG_WARN_EMPTY_BODY = YES;
				CLANG_WARN_ENUM_CONVERSION = YES;
				CLANG_WARN_INFINITE_RECURSION = YES;
				CLANG_WARN_INT_CONVERSION = YES;
				CLANG_WARN_NON_LITERAL_NULL_CONVERSION = YES;
				CLANG_WARN_OBJC_IMPLICIT_RETAIN_SELF = YES;
				CLANG_WARN_OBJC_LITERAL_CONVERSION = YES;
				CLANG_WARN_OBJC_ROOT_CLASS = YES_ERROR;
				CLANG_WARN_QUOTED_INCLUDE_IN_FRAMEWORK_HEADER = YES;
				CLANG_WARN_RANGE_LOOP_ANALYSIS = YES;
				CLANG_WARN_STRICT_PROTOTYPES = YES;
				CLANG_WARN_SUSPICIOUS_MOVE = YES;
				CLANG_WARN_UNGUARDED_AVAILABILITY = YES_AGGRESSIVE;
				CLANG_WARN_UNREACHABLE_CODE = YES;
				CLANG_WARN__DUPLICATE_METHOD_MATCH = YES;
				COPY_PHASE_STRIP = NO;
				DEBUG_INFORMATION_FORMAT = dwarf;
				ENABLE_STRICT_OBJC_MSGSEND = YES;
				ENABLE_TESTABILITY = YES;
				GCC_C_LANGUAGE_STANDARD = gnu11;
				GCC_DYNAMIC_NO_PIC = NO;
				GCC_NO_COMMON_BLOCKS = YES;
				GCC_OPTIMIZATION_LEVEL = 0;
				GCC_PREPROCESSOR_DEFINITIONS = (
					"DEBUG=1",
					"$(inherited)",
				);
				GCC_WARN_64_TO_32_BIT_CONVERSION = YES;
				GCC_WARN_ABOUT_RETURN_TYPE = YES_ERROR;
				GCC_WARN_UNDECLARED_SELECTOR = YES;
				GCC_WARN_UNINITIALIZED_AUTOS = YES_AGGRESSIVE;
				GCC_WARN_UNUSED_FUNCTION = YES;
				GCC_WARN_UNUSED_VARIABLE = YES;
				IPHONEOS_DEPLOYMENT_TARGET = 15.4;
				MTL_ENABLE_DEBUG_INFO = INCLUDE_SOURCE;
				MTL_FAST_MATH = YES;
				ONLY_ACTIVE_ARCH = YES;
				SDKROOT = iphoneos;
				SWIFT_ACTIVE_COMPILATION_CONDITIONS = DEBUG;
				SWIFT_OPTIMIZATION_LEVEL = "-Onone";
			};
			name = Debug;
		};
		FD917535287C259E00F2843C /* Release */ = {
			isa = XCBuildConfiguration;
			buildSettings = {
				ALWAYS_SEARCH_USER_PATHS = NO;
				CLANG_ANALYZER_NONNULL = YES;
				CLANG_ANALYZER_NUMBER_OBJECT_CONVERSION = YES_AGGRESSIVE;
				CLANG_CXX_LANGUAGE_STANDARD = "gnu++17";
				CLANG_ENABLE_MODULES = YES;
				CLANG_ENABLE_OBJC_ARC = YES;
				CLANG_ENABLE_OBJC_WEAK = YES;
				CLANG_WARN_BLOCK_CAPTURE_AUTORELEASING = YES;
				CLANG_WARN_BOOL_CONVERSION = YES;
				CLANG_WARN_COMMA = YES;
				CLANG_WARN_CONSTANT_CONVERSION = YES;
				CLANG_WARN_DEPRECATED_OBJC_IMPLEMENTATIONS = YES;
				CLANG_WARN_DIRECT_OBJC_ISA_USAGE = YES_ERROR;
				CLANG_WARN_DOCUMENTATION_COMMENTS = YES;
				CLANG_WARN_EMPTY_BODY = YES;
				CLANG_WARN_ENUM_CONVERSION = YES;
				CLANG_WARN_INFINITE_RECURSION = YES;
				CLANG_WARN_INT_CONVERSION = YES;
				CLANG_WARN_NON_LITERAL_NULL_CONVERSION = YES;
				CLANG_WARN_OBJC_IMPLICIT_RETAIN_SELF = YES;
				CLANG_WARN_OBJC_LITERAL_CONVERSION = YES;
				CLANG_WARN_OBJC_ROOT_CLASS = YES_ERROR;
				CLANG_WARN_QUOTED_INCLUDE_IN_FRAMEWORK_HEADER = YES;
				CLANG_WARN_RANGE_LOOP_ANALYSIS = YES;
				CLANG_WARN_STRICT_PROTOTYPES = YES;
				CLANG_WARN_SUSPICIOUS_MOVE = YES;
				CLANG_WARN_UNGUARDED_AVAILABILITY = YES_AGGRESSIVE;
				CLANG_WARN_UNREACHABLE_CODE = YES;
				CLANG_WARN__DUPLICATE_METHOD_MATCH = YES;
				COPY_PHASE_STRIP = NO;
				DEBUG_INFORMATION_FORMAT = "dwarf-with-dsym";
				ENABLE_NS_ASSERTIONS = NO;
				ENABLE_STRICT_OBJC_MSGSEND = YES;
				GCC_C_LANGUAGE_STANDARD = gnu11;
				GCC_NO_COMMON_BLOCKS = YES;
				GCC_WARN_64_TO_32_BIT_CONVERSION = YES;
				GCC_WARN_ABOUT_RETURN_TYPE = YES_ERROR;
				GCC_WARN_UNDECLARED_SELECTOR = YES;
				GCC_WARN_UNINITIALIZED_AUTOS = YES_AGGRESSIVE;
				GCC_WARN_UNUSED_FUNCTION = YES;
				GCC_WARN_UNUSED_VARIABLE = YES;
				IPHONEOS_DEPLOYMENT_TARGET = 15.4;
				MTL_ENABLE_DEBUG_INFO = NO;
				MTL_FAST_MATH = YES;
				SDKROOT = iphoneos;
				SWIFT_COMPILATION_MODE = wholemodule;
				SWIFT_OPTIMIZATION_LEVEL = "-O";
				VALIDATE_PRODUCT = YES;
			};
			name = Release;
		};
		FD917537287C259E00F2843C /* Debug */ = {
			isa = XCBuildConfiguration;
			baseConfigurationReference = 2BF8D0E3401866AC53EBB442 /* Pods-RealmSampleApp.debug.xcconfig */;
			buildSettings = {
				ASSETCATALOG_COMPILER_APPICON_NAME = AppIcon;
				ASSETCATALOG_COMPILER_GLOBAL_ACCENT_COLOR_NAME = AccentColor;
				CODE_SIGN_STYLE = Automatic;
				CURRENT_PROJECT_VERSION = 1;
				DEVELOPMENT_TEAM = B9WD868NNN;
				GENERATE_INFOPLIST_FILE = YES;
				INFOPLIST_FILE = RealmSampleApp/Info.plist;
				INFOPLIST_KEY_UIApplicationSupportsIndirectInputEvents = YES;
				INFOPLIST_KEY_UILaunchStoryboardName = LaunchScreen;
				INFOPLIST_KEY_UIMainStoryboardFile = Main;
				INFOPLIST_KEY_UISupportedInterfaceOrientations_iPad = "UIInterfaceOrientationPortrait UIInterfaceOrientationPortraitUpsideDown UIInterfaceOrientationLandscapeLeft UIInterfaceOrientationLandscapeRight";
				INFOPLIST_KEY_UISupportedInterfaceOrientations_iPhone = "UIInterfaceOrientationPortrait UIInterfaceOrientationLandscapeLeft UIInterfaceOrientationLandscapeRight";
				LD_RUNPATH_SEARCH_PATHS = (
					"$(inherited)",
					"@executable_path/Frameworks",
				);
				MARKETING_VERSION = 1.0;
				PRODUCT_BUNDLE_IDENTIFIER = emiri.RealmSampleApp;
				PRODUCT_NAME = "$(TARGET_NAME)";
				SWIFT_EMIT_LOC_STRINGS = YES;
				SWIFT_VERSION = 5.0;
				TARGETED_DEVICE_FAMILY = "1,2";
			};
			name = Debug;
		};
		FD917538287C259E00F2843C /* Release */ = {
			isa = XCBuildConfiguration;
			baseConfigurationReference = 1AB46C3801CD5FEC5F7C9E88 /* Pods-RealmSampleApp.release.xcconfig */;
			buildSettings = {
				ASSETCATALOG_COMPILER_APPICON_NAME = AppIcon;
				ASSETCATALOG_COMPILER_GLOBAL_ACCENT_COLOR_NAME = AccentColor;
				CODE_SIGN_STYLE = Automatic;
				CURRENT_PROJECT_VERSION = 1;
				DEVELOPMENT_TEAM = B9WD868NNN;
				GENERATE_INFOPLIST_FILE = YES;
				INFOPLIST_FILE = RealmSampleApp/Info.plist;
				INFOPLIST_KEY_UIApplicationSupportsIndirectInputEvents = YES;
				INFOPLIST_KEY_UILaunchStoryboardName = LaunchScreen;
				INFOPLIST_KEY_UIMainStoryboardFile = Main;
				INFOPLIST_KEY_UISupportedInterfaceOrientations_iPad = "UIInterfaceOrientationPortrait UIInterfaceOrientationPortraitUpsideDown UIInterfaceOrientationLandscapeLeft UIInterfaceOrientationLandscapeRight";
				INFOPLIST_KEY_UISupportedInterfaceOrientations_iPhone = "UIInterfaceOrientationPortrait UIInterfaceOrientationLandscapeLeft UIInterfaceOrientationLandscapeRight";
				LD_RUNPATH_SEARCH_PATHS = (
					"$(inherited)",
					"@executable_path/Frameworks",
				);
				MARKETING_VERSION = 1.0;
				PRODUCT_BUNDLE_IDENTIFIER = emiri.RealmSampleApp;
				PRODUCT_NAME = "$(TARGET_NAME)";
				SWIFT_EMIT_LOC_STRINGS = YES;
				SWIFT_VERSION = 5.0;
				TARGETED_DEVICE_FAMILY = "1,2";
			};
			name = Release;
		};
/* End XCBuildConfiguration section */

/* Begin XCConfigurationList section */
		FD91751D287C259D00F2843C /* Build configuration list for PBXProject "RealmSampleApp" */ = {
			isa = XCConfigurationList;
			buildConfigurations = (
				FD917534287C259E00F2843C /* Debug */,
				FD917535287C259E00F2843C /* Release */,
			);
			defaultConfigurationIsVisible = 0;
			defaultConfigurationName = Release;
		};
		FD917536287C259E00F2843C /* Build configuration list for PBXNativeTarget "RealmSampleApp" */ = {
			isa = XCConfigurationList;
			buildConfigurations = (
				FD917537287C259E00F2843C /* Debug */,
				FD917538287C259E00F2843C /* Release */,
			);
			defaultConfigurationIsVisible = 0;
			defaultConfigurationName = Release;
		};
/* End XCConfigurationList section */
	};
	rootObject = FD91751A287C259D00F2843C /* Project object */;
}
